// !$*UTF8*$!
{
	archiveVersion = 1;
	classes = {
	};
	objectVersion = 77;
	objects = {

/* Begin PBXBuildFile section */
		189175AA2EFB850B0066AC02 /* FirebaseAuth in Frameworks */ = {isa = PBXBuildFile; productRef = 189175A92EFB850B0066AC02 /* FirebaseAuth */; };
		189175AC2EFB850B0066AC02 /* FirebaseCore in Frameworks */ = {isa = PBXBuildFile; productRef = 189175AB2EFB850B0066AC02 /* FirebaseCore */; };
/* End PBXBuildFile section */

/* Begin PBXFileReference section */
		1862C2C62EF0BF3C00077808 /* memoRise.app */ = {isa = PBXFileReference; explicitFileType = wrapper.application; includeInIndex = 0; path = memoRise.app; sourceTree = BUILT_PRODUCTS_DIR; };
		189175AF2F0698A00066AC02 /* memoRise-Info.plist */ = {isa = PBXFileReference; lastKnownFileType = text.plist; path = "memoRise-Info.plist"; sourceTree = "<group>"; };
/* End PBXFileReference section */

/* Begin PBXFileSystemSynchronizedBuildFileExceptionSet section */
		18D671F02F6FF01B0048FB77 /* Exceptions for "eitango" folder in "memoRise" target */ = {
			isa = PBXFileSystemSynchronizedBuildFileExceptionSet;
			membershipExceptions = (
				Assets.xcassets,
				CompositionRoot.swift,
				Data/Repositories/Card/CardCoreData.swift,
				Data/Repositories/Card/CardDTO.swift,
				Data/Repositories/Card/CardFirestore.swift,
				Data/Repositories/Card/CardRepository.swift,
				Data/Repositories/Card/CardTranslate.swift,
				Data/Repositories/List/ListCoreData.swift,
				Data/Repositories/List/ListDTO.swift,
				Data/Repositories/List/ListFirestore.swift,
				Data/Repositories/List/ListRepository.swift,
				Data/Repositories/Play/PlayCoreData.swift,
				Data/Repositories/Play/PlayRepository.swift,
				Data/Repositories/Setting/SettingCoreData.swift,
				Data/Repositories/Setting/SettingRepository.swift,
				Data/Repositories/User/UserCoreData.swift,
				Data/Repositories/User/UserDTO.swift,
				Data/Repositories/User/UserFBAuth.swift,
				Data/Repositories/User/UserFirestore.swift,
				Data/Repositories/User/UserRepository.swift,
				Data/Repositories/Util/UtilCoreData.swift,
				Data/Repositories/Util/UtilDataBase.swift,
				Domain/Entity/Card/Card.swift,
				Domain/Entity/Card/CardSide.swift,
				Domain/Entity/Error/AuthError.swift,
				Domain/Entity/Error/CoreDataError.swift,
				Domain/Entity/Error/DataBaseError.swift,
				Domain/Entity/List/List.swift,
				Domain/Entity/Login/LoginInput.swift,
				Domain/Entity/Login/LoginMethod.swift,
				Domain/Entity/Login/LoginSlot.swift,
				Domain/Entity/Login/ValidateResult.swift,
				Domain/Entity/Play/PlaySession.swift,
				Domain/Entity/Play/PlayUI.swift,
				Domain/Entity/Screen/Screen.swift,
				Domain/Entity/Setting/Setting.swift,
				Domain/Entity/User/AuthProvider.swift,
				Domain/Entity/User/User.swift,
				Domain/Logic/CardNavigation.swift,
				Domain/Logic/UserValidator.swift,
				Domain/UseCase/DivideLoginMethod.swift,
				eitango.swift,
				eitangoData.xcdatamodeld,
				"GoogleService-Info.plist",
				"NSManagedObject/CardEntity+CoreDataClass.swift",
				"NSManagedObject/CardEntity+CoreDataProperties.swift",
				"NSManagedObject/ListEntity+CoreDataClass.swift",
				"NSManagedObject/ListEntity+CoreDataProperties.swift",
				"NSManagedObject/PlayEntity+CoreDataClass.swift",
				"NSManagedObject/PlayEntity+CoreDataProperties.swift",
				"NSManagedObject/SettingEntity+CoreDataClass.swift",
				"NSManagedObject/SettingEntity+CoreDataProperties.swift",
				"NSManagedObject/UserEntity+CoreDataClass.swift",
				"NSManagedObject/UserEntity+CoreDataProperties.swift",
				PC.swift,
				Presentation/Coordinator/AppCoordinator.swift,
				Presentation/Error/AppError.swift,
				"Presentation/Error/AuthError+message.swift",
				"Presentation/Error/DataBaseError+message.swift",
				Presentation/Error/ErrorMapper.swift,
				Presentation/Error/ErrorMessageTemplate.swift,
				Presentation/Session/CardSession.swift,
				Presentation/Session/ListSession.swift,
				Presentation/Session/SettingSession.swift,
				Presentation/Session/UserSession.swift,
				Presentation/State/AppState.swift,
				Presentation/UIHelper/CardColor.swift,
				Presentation/UIHelper/ColorTheme.swift,
				Presentation/UIHelper/FontSize.swift,
				Presentation/ViewModel/Card_VM.swift,
				Presentation/ViewModel/KeyBoardObserver.swift,
				Presentation/ViewModel/List_VM.swift,
				Presentation/ViewModel/Login_VM.swift,
				Presentation/ViewModel/Play_VM.swift,
				Presentation/ViewModel/Root_VM.swift,
				Presentation/ViewModel/Signin_VM.swift,
				Presentation/ViewModel/UIState/ColorUIState.swift,
				Presentation/ViewModel/User_VM.swift,
				Presentation/ViewModel/Utils/DalayController.swift,
				Presentation/ViewModel/Utils/ErrorToUIError.swift,
				"Presentation/ViewModel/Utils/Extensions/Character+Emoji.swift",
				"Presentation/ViewModel/Utils/Extensions/Color+Hex.swift",
				Presentation/Views/Alert_View.swift,
				Presentation/Views/Card_View.swift,
				Presentation/Views/Home_View.swift,
				Presentation/Views/List_View.swift,
				Presentation/Views/Login_View.swift,
				Presentation/Views/Play_View.swift,
				Presentation/Views/Setting_View.swift,
				Presentation/Views/Signin_View.swift,
				Presentation/Views/Splash_View.swift,
				Presentation/Views/User_View.swift,
			);
			target = 1821FF672E98E2100021BAF9 /* memoRise */;
		};
/* End PBXFileSystemSynchronizedBuildFileExceptionSet section */

/* Begin PBXFileSystemSynchronizedRootGroup section */
		18D671932F6FF01B0048FB77 /* eitango */ = {
			isa = PBXFileSystemSynchronizedRootGroup;
			exceptions = (
				18D671F02F6FF01B0048FB77 /* Exceptions for "eitango" folder in "memoRise" target */,
			);
			path = eitango;
			sourceTree = "<group>";
		};
/* End PBXFileSystemSynchronizedRootGroup section */

/* Begin PBXFrameworksBuildPhase section */
		1821FF652E98E2100021BAF9 /* Frameworks */ = {
			isa = PBXFrameworksBuildPhase;
			buildActionMask = 2147483647;
			files = (
				189175AC2EFB850B0066AC02 /* FirebaseCore in Frameworks */,
				189175AA2EFB850B0066AC02 /* FirebaseAuth in Frameworks */,
			);
			runOnlyForDeploymentPostprocessing = 0;
		};
/* End PBXFrameworksBuildPhase section */

/* Begin PBXGroup section */
		1821FF5F2E98E2100021BAF9 = {
			isa = PBXGroup;
			children = (
				189175AF2F0698A00066AC02 /* memoRise-Info.plist */,
				1862C2C62EF0BF3C00077808 /* memoRise.app */,
				18D671932F6FF01B0048FB77 /* eitango */,
			);
			sourceTree = "<group>";
		};
/* End PBXGroup section */

/* Begin PBXNativeTarget section */
		1821FF672E98E2100021BAF9 /* memoRise */ = {
			isa = PBXNativeTarget;
			buildConfigurationList = 1821FF732E98E2110021BAF9 /* Build configuration list for PBXNativeTarget "memoRise" */;
			buildPhases = (
				1821FF642E98E2100021BAF9 /* Sources */,
				1821FF652E98E2100021BAF9 /* Frameworks */,
				1821FF662E98E2100021BAF9 /* Resources */,
			);
			buildRules = (
			);
			dependencies = (
			);
			name = memoRise;
			packageProductDependencies = (
				189175A92EFB850B0066AC02 /* FirebaseAuth */,
				189175AB2EFB850B0066AC02 /* FirebaseCore */,
			);
			productName = eitango;
			productReference = 1862C2C62EF0BF3C00077808 /* memoRise.app */;
			productType = "com.apple.product-type.application";
		};
/* End PBXNativeTarget section */

/* Begin PBXProject section */
		1821FF602E98E2100021BAF9 /* Project object */ = {
			isa = PBXProject;
			attributes = {
				BuildIndependentTargetsInParallel = 1;
				LastSwiftUpdateCheck = 2600;
				LastUpgradeCheck = 2620;
				TargetAttributes = {
					1821FF672E98E2100021BAF9 = {
						CreatedOnToolsVersion = 26.0.1;
					};
				};
			};
			buildConfigurationList = 1821FF632E98E2100021BAF9 /* Build configuration list for PBXProject "eitango" */;
			developmentRegion = en;
			hasScannedForEncodings = 0;
			knownRegions = (
				en,
				Base,
			);
			mainGroup = 1821FF5F2E98E2100021BAF9;
			minimizedProjectReferenceProxies = 1;
			packageReferences = (
				189175A82EFB850B0066AC02 /* XCRemoteSwiftPackageReference "firebase-ios-sdk" */,
			);
			preferredProjectObjectVersion = 77;
			productRefGroup = 1821FF5F2E98E2100021BAF9;
			projectDirPath = "";
			projectRoot = "";
			targets = (
				1821FF672E98E2100021BAF9 /* memoRise */,
			);
		};
/* End PBXProject section */

/* Begin PBXResourcesBuildPhase section */
		1821FF662E98E2100021BAF9 /* Resources */ = {
			isa = PBXResourcesBuildPhase;
			buildActionMask = 2147483647;
			files = (
			);
			runOnlyForDeploymentPostprocessing = 0;
		};
/* End PBXResourcesBuildPhase section */

/* Begin PBXSourcesBuildPhase section */
		1821FF642E98E2100021BAF9 /* Sources */ = {
			isa = PBXSourcesBuildPhase;
			buildActionMask = 2147483647;
			files = (
			);
			runOnlyForDeploymentPostprocessing = 0;
		};
/* End PBXSourcesBuildPhase section */

/* Begin XCBuildConfiguration section */
		1821FF712E98E2110021BAF9 /* Debug */ = {
			isa = XCBuildConfiguration;
			buildSettings = {
				ALWAYS_SEARCH_USER_PATHS = NO;
				ASSETCATALOG_COMPILER_GENERATE_SWIFT_ASSET_SYMBOL_EXTENSIONS = YES;
				CLANG_ANALYZER_NONNULL = YES;
				CLANG_ANALYZER_NUMBER_OBJECT_CONVERSION = YES_AGGRESSIVE;
				CLANG_CXX_LANGUAGE_STANDARD = "gnu++20";
				CLANG_ENABLE_MODULES = YES;
				CLANG_ENABLE_OBJC_ARC = YES;
				CLANG_ENABLE_OBJC_WEAK = YES;
				CLANG_WARN_BLOCK_CAPTURE_AUTORELEASING = YES;
				CLANG_WARN_BOOL_CONVERSION = YES;
				CLANG_WARN_COMMA = YES;
				CLANG_WARN_CONSTANT_CONVERSION = YES;
				CLANG_WARN_DEPRECATED_OBJC_IMPLEMENTATIONS = YES;
				CLANG_WARN_DIRECT_OBJC_ISA_USAGE = YES_ERROR;
				CLANG_WARN_DOCUMENTATION_COMMENTS = YES;
				CLANG_WARN_EMPTY_BODY = YES;
				CLANG_WARN_ENUM_CONVERSION = YES;
				CLANG_WARN_INFINITE_RECURSION = YES;
				CLANG_WARN_INT_CONVERSION = YES;
				CLANG_WARN_NON_LITERAL_NULL_CONVERSION = YES;
				CLANG_WARN_OBJC_IMPLICIT_RETAIN_SELF = YES;
				CLANG_WARN_OBJC_LITERAL_CONVERSION = YES;
				CLANG_WARN_OBJC_ROOT_CLASS = YES_ERROR;
				CLANG_WARN_QUOTED_INCLUDE_IN_FRAMEWORK_HEADER = YES;
				CLANG_WARN_RANGE_LOOP_ANALYSIS = YES;
				CLANG_WARN_STRICT_PROTOTYPES = YES;
				CLANG_WARN_SUSPICIOUS_MOVE = YES;
				CLANG_WARN_UNGUARDED_AVAILABILITY = YES_AGGRESSIVE;
				CLANG_WARN_UNREACHABLE_CODE = YES;
				CLANG_WARN__DUPLICATE_METHOD_MATCH = YES;
				COPY_PHASE_STRIP = NO;
				DEBUG_INFORMATION_FORMAT = dwarf;
				DEVELOPMENT_TEAM = Y896Y98DM5;
				ENABLE_STRICT_OBJC_MSGSEND = YES;
				ENABLE_TESTABILITY = YES;
				ENABLE_USER_SCRIPT_SANDBOXING = YES;
				GCC_C_LANGUAGE_STANDARD = gnu17;
				GCC_DYNAMIC_NO_PIC = NO;
				GCC_NO_COMMON_BLOCKS = YES;
				GCC_OPTIMIZATION_LEVEL = 0;
				GCC_PREPROCESSOR_DEFINITIONS = (
					"DEBUG=1",
					"$(inherited)",
				);
				GCC_WARN_64_TO_32_BIT_CONVERSION = YES;
				GCC_WARN_ABOUT_RETURN_TYPE = YES_ERROR;
				GCC_WARN_UNDECLARED_SELECTOR = YES;
				GCC_WARN_UNINITIALIZED_AUTOS = YES_AGGRESSIVE;
				GCC_WARN_UNUSED_FUNCTION = YES;
				GCC_WARN_UNUSED_VARIABLE = YES;
				IPHONEOS_DEPLOYMENT_TARGET = 26.0;
				LOCALIZATION_PREFERS_STRING_CATALOGS = YES;
				MTL_ENABLE_DEBUG_INFO = INCLUDE_SOURCE;
				MTL_FAST_MATH = YES;
				ONLY_ACTIVE_ARCH = YES;
				SDKROOT = iphoneos;
				STRING_CATALOG_GENERATE_SYMBOLS = YES;
				SWIFT_ACTIVE_COMPILATION_CONDITIONS = "DEBUG $(inherited)";
				SWIFT_OPTIMIZATION_LEVEL = "-Onone";
			};
			name = Debug;
		};
		1821FF722E98E2110021BAF9 /* Release */ = {
			isa = XCBuildConfiguration;
			buildSettings = {
				ALWAYS_SEARCH_USER_PATHS = NO;
				ASSETCATALOG_COMPILER_GENERATE_SWIFT_ASSET_SYMBOL_EXTENSIONS = YES;
				CLANG_ANALYZER_NONNULL = YES;
				CLANG_ANALYZER_NUMBER_OBJECT_CONVERSION = YES_AGGRESSIVE;
				CLANG_CXX_LANGUAGE_STANDARD = "gnu++20";
				CLANG_ENABLE_MODULES = YES;
				CLANG_ENABLE_OBJC_ARC = YES;
				CLANG_ENABLE_OBJC_WEAK = YES;
				CLANG_WARN_BLOCK_CAPTURE_AUTORELEASING = YES;
				CLANG_WARN_BOOL_CONVERSION = YES;
				CLANG_WARN_COMMA = YES;
				CLANG_WARN_CONSTANT_CONVERSION = YES;
				CLANG_WARN_DEPRECATED_OBJC_IMPLEMENTATIONS = YES;
				CLANG_WARN_DIRECT_OBJC_ISA_USAGE = YES_ERROR;
				CLANG_WARN_DOCUMENTATION_COMMENTS = YES;
				CLANG_WARN_EMPTY_BODY = YES;
				CLANG_WARN_ENUM_CONVERSION = YES;
				CLANG_WARN_INFINITE_RECURSION = YES;
				CLANG_WARN_INT_CONVERSION = YES;
				CLANG_WARN_NON_LITERAL_NULL_CONVERSION = YES;
				CLANG_WARN_OBJC_IMPLICIT_RETAIN_SELF = YES;
				CLANG_WARN_OBJC_LITERAL_CONVERSION = YES;
				CLANG_WARN_OBJC_ROOT_CLASS = YES_ERROR;
				CLANG_WARN_QUOTED_INCLUDE_IN_FRAMEWORK_HEADER = YES;
				CLANG_WARN_RANGE_LOOP_ANALYSIS = YES;
				CLANG_WARN_STRICT_PROTOTYPES = YES;
				CLANG_WARN_SUSPICIOUS_MOVE = YES;
				CLANG_WARN_UNGUARDED_AVAILABILITY = YES_AGGRESSIVE;
				CLANG_WARN_UNREACHABLE_CODE = YES;
				CLANG_WARN__DUPLICATE_METHOD_MATCH = YES;
				COPY_PHASE_STRIP = NO;
				DEBUG_INFORMATION_FORMAT = "dwarf-with-dsym";
				DEVELOPMENT_TEAM = Y896Y98DM5;
				ENABLE_NS_ASSERTIONS = NO;
				ENABLE_STRICT_OBJC_MSGSEND = YES;
				ENABLE_USER_SCRIPT_SANDBOXING = YES;
				GCC_C_LANGUAGE_STANDARD = gnu17;
				GCC_NO_COMMON_BLOCKS = YES;
				GCC_WARN_64_TO_32_BIT_CONVERSION = YES;
				GCC_WARN_ABOUT_RETURN_TYPE = YES_ERROR;
				GCC_WARN_UNDECLARED_SELECTOR = YES;
				GCC_WARN_UNINITIALIZED_AUTOS = YES_AGGRESSIVE;
				GCC_WARN_UNUSED_FUNCTION = YES;
				GCC_WARN_UNUSED_VARIABLE = YES;
				IPHONEOS_DEPLOYMENT_TARGET = 26.0;
				LOCALIZATION_PREFERS_STRING_CATALOGS = YES;
				MTL_ENABLE_DEBUG_INFO = NO;
				MTL_FAST_MATH = YES;
				SDKROOT = iphoneos;
				STRING_CATALOG_GENERATE_SYMBOLS = YES;
				SWIFT_COMPILATION_MODE = wholemodule;
				VALIDATE_PRODUCT = YES;
			};
			name = Release;
		};
		1821FF742E98E2110021BAF9 /* Debug */ = {
			isa = XCBuildConfiguration;
			buildSettings = {
				ASSETCATALOG_COMPILER_APPICON_NAME = AppIcon;
				ASSETCATALOG_COMPILER_GLOBAL_ACCENT_COLOR_NAME = AccentColor;
				CODE_SIGN_STYLE = Automatic;
				CURRENT_PROJECT_VERSION = 1.0.0;
				DEVELOPMENT_TEAM = Y896Y98DM5;
				ENABLE_PREVIEWS = YES;
				GENERATE_INFOPLIST_FILE = YES;
				INFOPLIST_FILE = "memoRise-Info.plist";
				INFOPLIST_KEY_LSApplicationCategoryType = "public.app-category.education";
				INFOPLIST_KEY_UIApplicationSceneManifest_Generation = YES;
				INFOPLIST_KEY_UIApplicationSupportsIndirectInputEvents = YES;
				INFOPLIST_KEY_UILaunchScreen_Generation = YES;
				INFOPLIST_KEY_UISupportedInterfaceOrientations_iPad = "UIInterfaceOrientationPortrait UIInterfaceOrientationPortraitUpsideDown UIInterfaceOrientationLandscapeLeft UIInterfaceOrientationLandscapeRight";
				INFOPLIST_KEY_UISupportedInterfaceOrientations_iPhone = "UIInterfaceOrientationPortrait UIInterfaceOrientationLandscapeLeft UIInterfaceOrientationLandscapeRight";
				LD_RUNPATH_SEARCH_PATHS = (
					"$(inherited)",
					"@executable_path/Frameworks",
				);
				MARKETING_VERSION = 1.0.0;
				PRODUCT_BUNDLE_IDENTIFIER = com.kb.memorize;
				PRODUCT_NAME = "$(TARGET_NAME)";
				STRING_CATALOG_GENERATE_SYMBOLS = YES;
				SUPPORTED_PLATFORMS = "iphoneos iphonesimulator";
				SUPPORTS_MACCATALYST = NO;
				SUPPORTS_MAC_DESIGNED_FOR_IPHONE_IPAD = NO;
				SUPPORTS_XR_DESIGNED_FOR_IPHONE_IPAD = NO;
				SWIFT_APPROACHABLE_CONCURRENCY = YES;
				SWIFT_DEFAULT_ACTOR_ISOLATION = MainActor;
				SWIFT_EMIT_LOC_STRINGS = YES;
				SWIFT_UPCOMING_FEATURE_MEMBER_IMPORT_VISIBILITY = YES;
				SWIFT_VERSION = 5.0;
				TARGETED_DEVICE_FAMILY = 1;
			};
			name = Debug;
		};
		1821FF752E98E2110021BAF9 /* Release */ = {
			isa = XCBuildConfiguration;
			buildSettings = {
				ASSETCATALOG_COMPILER_APPICON_NAME = AppIcon;
				ASSETCATALOG_COMPILER_GLOBAL_ACCENT_COLOR_NAME = AccentColor;
				CODE_SIGN_STYLE = Automatic;
				CURRENT_PROJECT_VERSION = 1.0.0;
				DEVELOPMENT_TEAM = Y896Y98DM5;
				ENABLE_PREVIEWS = YES;
				GENERATE_INFOPLIST_FILE = YES;
				INFOPLIST_FILE = "memoRise-Info.plist";
				INFOPLIST_KEY_LSApplicationCategoryType = "public.app-category.education";
				INFOPLIST_KEY_UIApplicationSceneManifest_Generation = YES;
				INFOPLIST_KEY_UIApplicationSupportsIndirectInputEvents = YES;
				INFOPLIST_KEY_UILaunchScreen_Generation = YES;
				INFOPLIST_KEY_UISupportedInterfaceOrientations_iPad = "UIInterfaceOrientationPortrait UIInterfaceOrientationPortraitUpsideDown UIInterfaceOrientationLandscapeLeft UIInterfaceOrientationLandscapeRight";
				INFOPLIST_KEY_UISupportedInterfaceOrientations_iPhone = "UIInterfaceOrientationPortrait UIInterfaceOrientationLandscapeLeft UIInterfaceOrientationLandscapeRight";
				LD_RUNPATH_SEARCH_PATHS = (
					"$(inherited)",
					"@executable_path/Frameworks",
				);
				MARKETING_VERSION = 1.0.0;
				PRODUCT_BUNDLE_IDENTIFIER = com.kb.memorize;
				PRODUCT_NAME = "$(TARGET_NAME)";
				STRING_CATALOG_GENERATE_SYMBOLS = YES;
				SUPPORTED_PLATFORMS = "iphoneos iphonesimulator";
				SUPPORTS_MACCATALYST = NO;
				SUPPORTS_MAC_DESIGNED_FOR_IPHONE_IPAD = NO;
				SUPPORTS_XR_DESIGNED_FOR_IPHONE_IPAD = NO;
				SWIFT_APPROACHABLE_CONCURRENCY = YES;
				SWIFT_DEFAULT_ACTOR_ISOLATION = MainActor;
				SWIFT_EMIT_LOC_STRINGS = YES;
				SWIFT_UPCOMING_FEATURE_MEMBER_IMPORT_VISIBILITY = YES;
				SWIFT_VERSION = 5.0;
				TARGETED_DEVICE_FAMILY = 1;
			};
			name = Release;
		};
/* End XCBuildConfiguration section */

/* Begin XCConfigurationList section */
		1821FF632E98E2100021BAF9 /* Build configuration list for PBXProject "eitango" */ = {
			isa = XCConfigurationList;
			buildConfigurations = (
				1821FF712E98E2110021BAF9 /* Debug */,
				1821FF722E98E2110021BAF9 /* Release */,
			);
			defaultConfigurationIsVisible = 0;
			defaultConfigurationName = Release;
		};
		1821FF732E98E2110021BAF9 /* Build configuration list for PBXNativeTarget "memoRise" */ = {
			isa = XCConfigurationList;
			buildConfigurations = (
				1821FF742E98E2110021BAF9 /* Debug */,
				1821FF752E98E2110021BAF9 /* Release */,
			);
			defaultConfigurationIsVisible = 0;
			defaultConfigurationName = Release;
		};
/* End XCConfigurationList section */

/* Begin XCRemoteSwiftPackageReference section */
		189175A82EFB850B0066AC02 /* XCRemoteSwiftPackageReference "firebase-ios-sdk" */ = {
			isa = XCRemoteSwiftPackageReference;
			repositoryURL = "https://github.com/firebase/firebase-ios-sdk";
			requirement = {
				kind = upToNextMajorVersion;
				minimumVersion = 12.7.0;
			};
		};
/* End XCRemoteSwiftPackageReference section */

/* Begin XCSwiftPackageProductDependency section */
		189175A92EFB850B0066AC02 /* FirebaseAuth */ = {
			isa = XCSwiftPackageProductDependency;
			package = 189175A82EFB850B0066AC02 /* XCRemoteSwiftPackageReference "firebase-ios-sdk" */;
			productName = FirebaseAuth;
		};
		189175AB2EFB850B0066AC02 /* FirebaseCore */ = {
			isa = XCSwiftPackageProductDependency;
			package = 189175A82EFB850B0066AC02 /* XCRemoteSwiftPackageReference "firebase-ios-sdk" */;
			productName = FirebaseCore;
		};
/* End XCSwiftPackageProductDependency section */
	};
	rootObject = 1821FF602E98E2100021BAF9 /* Project object */;
}
